// !$*UTF8*$!
{
	archiveVersion = 1;
	classes = {
	};
	objectVersion = 46;
	objects = {

/* Begin PBXBuildFile section */
		D415A09B1B51EFDE001C15E5 /* TermType+Construction.swift in Sources */ = {isa = PBXBuildFile; fileRef = D415A09A1B51EFDE001C15E5 /* TermType+Construction.swift */; };
		D43AC8831BC1824D008762B7 /* Telescope.swift in Sources */ = {isa = PBXBuildFile; fileRef = D43AC8821BC1824D008762B7 /* Telescope.swift */; };
		D445417C1BCAB0C100F2946D /* Module+Unit.swift in Sources */ = {isa = PBXBuildFile; fileRef = D445417B1BCAB0C100F2946D /* Module+Unit.swift */; };
		D445417E1BCAB11100F2946D /* UnitTests.swift in Sources */ = {isa = PBXBuildFile; fileRef = D445417D1BCAB11100F2946D /* UnitTests.swift */; };
		D44541801BCAC38500F2946D /* Module+List.swift in Sources */ = {isa = PBXBuildFile; fileRef = D445417F1BCAC38500F2946D /* Module+List.swift */; };
		D44541821BCAE3CD00F2946D /* ListTests.swift in Sources */ = {isa = PBXBuildFile; fileRef = D44541811BCAE3CD00F2946D /* ListTests.swift */; };
		D44541841BCAEDCD00F2946D /* TermType+WeakHeadNormalForm.swift in Sources */ = {isa = PBXBuildFile; fileRef = D44541831BCAEDCD00F2946D /* TermType+WeakHeadNormalForm.swift */; };
		D44541861BCAEF1000F2946D /* TermType+Substitution.swift in Sources */ = {isa = PBXBuildFile; fileRef = D44541851BCAEF1000F2946D /* TermType+Substitution.swift */; };
		D445418C1BCAF3ED00F2946D /* TermType+DefinitionalEquality.swift in Sources */ = {isa = PBXBuildFile; fileRef = D445418B1BCAF3ED00F2946D /* TermType+DefinitionalEquality.swift */; };
		D445418E1BCAF57D00F2946D /* TermType+Evaluation.swift in Sources */ = {isa = PBXBuildFile; fileRef = D445418D1BCAF57D00F2946D /* TermType+Evaluation.swift */; };
		D44541901BCB028A00F2946D /* TermContainerType+CustomDebugStringConvertible.swift in Sources */ = {isa = PBXBuildFile; fileRef = D445418F1BCB028A00F2946D /* TermContainerType+CustomDebugStringConvertible.swift */; };
		D44541921BCB030F00F2946D /* TermContainerType+CustomStringConvertible.swift in Sources */ = {isa = PBXBuildFile; fileRef = D44541911BCB030F00F2946D /* TermContainerType+CustomStringConvertible.swift */; };
		D44541941BCB389400F2946D /* Datatype.swift in Sources */ = {isa = PBXBuildFile; fileRef = D44541931BCB389400F2946D /* Datatype.swift */; };
		D463F6D21BD2A83E00BA0628 /* Module+Maybe.swift in Sources */ = {isa = PBXBuildFile; fileRef = D463F6D11BD2A83E00BA0628 /* Module+Maybe.swift */; };
		D463F6D51BD2A91200BA0628 /* MaybeTests.swift in Sources */ = {isa = PBXBuildFile; fileRef = D463F6D41BD2A91200BA0628 /* MaybeTests.swift */; };
		D470CB981BDC27130003A931 /* Module+Vector.swift in Sources */ = {isa = PBXBuildFile; fileRef = D470CB971BDC27130003A931 /* Module+Vector.swift */; };
		D470CB9A1BDC273C0003A931 /* VectorTests.swift in Sources */ = {isa = PBXBuildFile; fileRef = D470CB991BDC273C0003A931 /* VectorTests.swift */; };
		D4809FBD1AF6BD400084B8FE /* TermTests.swift in Sources */ = {isa = PBXBuildFile; fileRef = D4809FBC1AF6BD400084B8FE /* TermTests.swift */; };
		D484903C1B2A40E800F249F7 /* EvaluationTests.swift in Sources */ = {isa = PBXBuildFile; fileRef = D484903B1B2A40E800F249F7 /* EvaluationTests.swift */; };
		D4A31B2A1AA366EC00B3FC68 /* TermType.swift in Sources */ = {isa = PBXBuildFile; fileRef = D4A31B291AA366EC00B3FC68 /* TermType.swift */; };
		D4ACE90D1BDC7E51009E928F /* Module+FiniteSet.swift in Sources */ = {isa = PBXBuildFile; fileRef = D4ACE90C1BDC7E51009E928F /* Module+FiniteSet.swift */; };
		D4ACE90F1BDC7E79009E928F /* FiniteSetTests.swift in Sources */ = {isa = PBXBuildFile; fileRef = D4ACE90E1BDC7E79009E928F /* FiniteSetTests.swift */; };
		D4B3FBF11A83515800DA2AC3 /* Manifold.h in Headers */ = {isa = PBXBuildFile; fileRef = D4B3FBF01A83515800DA2AC3 /* Manifold.h */; settings = {ATTRIBUTES = (Public, ); }; };
		D4B3FBFC1A83515800DA2AC3 /* Manifold.framework in Frameworks */ = {isa = PBXBuildFile; fileRef = D4B3FBEB1A83515800DA2AC3 /* Manifold.framework */; };
		D4B4AA551A902A6F0089A5F2 /* Assertions.framework in Frameworks */ = {isa = PBXBuildFile; fileRef = D4B4AA541A902A6F0089A5F2 /* Assertions.framework */; };
		D4B4AA571A90320F0089A5F2 /* Dictionary.swift in Sources */ = {isa = PBXBuildFile; fileRef = D4B4AA561A90320F0089A5F2 /* Dictionary.swift */; };
		D4B56CB11AFDA26A00D7BD6F /* Expression.swift in Sources */ = {isa = PBXBuildFile; fileRef = D4B56CB01AFDA26A00D7BD6F /* Expression.swift */; };
		D4D0FC001BD420B20010F243 /* TermType+Elaboration.swift in Sources */ = {isa = PBXBuildFile; fileRef = D4D0FBFF1BD420B20010F243 /* TermType+Elaboration.swift */; };
		D4D0FC021BD4276B0010F243 /* Module+Pair.swift in Sources */ = {isa = PBXBuildFile; fileRef = D4D0FC011BD4276B0010F243 /* Module+Pair.swift */; };
		D4D0FC041BD427AA0010F243 /* PairTests.swift in Sources */ = {isa = PBXBuildFile; fileRef = D4D0FC031BD427AA0010F243 /* PairTests.swift */; };
		D4D0FC061BD45CB10010F243 /* Module+Prelude.swift in Sources */ = {isa = PBXBuildFile; fileRef = D4D0FC051BD45CB10010F243 /* Module+Prelude.swift */; };
		D4D0FC081BD45CD60010F243 /* PreludeTests.swift in Sources */ = {isa = PBXBuildFile; fileRef = D4D0FC071BD45CD60010F243 /* PreludeTests.swift */; };
		D4D0FC0E1BD4A6D80010F243 /* Module+Sigma.swift in Sources */ = {isa = PBXBuildFile; fileRef = D4D0FC0D1BD4A6D80010F243 /* Module+Sigma.swift */; };
		D4D0FC101BD4A7000010F243 /* SigmaTests.swift in Sources */ = {isa = PBXBuildFile; fileRef = D4D0FC0F1BD4A7000010F243 /* SigmaTests.swift */; };
		D4DE7E731AF66E25004D0CB9 /* Term.swift in Sources */ = {isa = PBXBuildFile; fileRef = D4DE7E721AF66E25004D0CB9 /* Term.swift */; };
		D4E101B81B484606001A7E55 /* NaturalTests.swift in Sources */ = {isa = PBXBuildFile; fileRef = D4E101B71B484606001A7E55 /* NaturalTests.swift */; };
		D4E101BA1B484611001A7E55 /* Module+Natural.swift in Sources */ = {isa = PBXBuildFile; fileRef = D4E101B91B484611001A7E55 /* Module+Natural.swift */; };
		D4E1F7131BD4176100FCA0B4 /* TermContainerType+FreeVariables.swift in Sources */ = {isa = PBXBuildFile; fileRef = D4E1F7121BD4176100FCA0B4 /* TermContainerType+FreeVariables.swift */; };
		D4E289A41B641FDA0070389F /* String.swift in Sources */ = {isa = PBXBuildFile; fileRef = D4E289A31B641FDA0070389F /* String.swift */; };
		D4E8289D1B5202BB00713E60 /* StringLiteralConvertible.swift in Sources */ = {isa = PBXBuildFile; fileRef = D4E8289C1B5202BB00713E60 /* StringLiteralConvertible.swift */; };
		D4E829171B521B3400713E60 /* Module.swift in Sources */ = {isa = PBXBuildFile; fileRef = D4E829161B521B3400713E60 /* Module.swift */; };
		D4E829191B521BFC00713E60 /* Declaration.swift in Sources */ = {isa = PBXBuildFile; fileRef = D4E829181B521BFC00713E60 /* Declaration.swift */; };
		D4E9901C1BD3431D00F00CA7 /* Module+Either.swift in Sources */ = {isa = PBXBuildFile; fileRef = D4E9901B1BD3431D00F00CA7 /* Module+Either.swift */; };
		D4E9901E1BD343AE00F00CA7 /* EitherTests.swift in Sources */ = {isa = PBXBuildFile; fileRef = D4E9901D1BD343AE00F00CA7 /* EitherTests.swift */; };
		D4E990241BD3EE5300F00CA7 /* Elaborated.swift in Sources */ = {isa = PBXBuildFile; fileRef = D4E990231BD3EE5300F00CA7 /* Elaborated.swift */; };
		D4EDEF571AFEDEC5001B9A1D /* Name.swift in Sources */ = {isa = PBXBuildFile; fileRef = D4EDEF561AFEDEC5001B9A1D /* Name.swift */; };
		D4F1B84F1B46E2F40065BF22 /* Int.swift in Sources */ = {isa = PBXBuildFile; fileRef = D4F1B84E1B46E2F40065BF22 /* Int.swift */; };
		D4F1B8551B470B430065BF22 /* IntExtensionTests.swift in Sources */ = {isa = PBXBuildFile; fileRef = D4F1B8541B470B430065BF22 /* IntExtensionTests.swift */; };
		D4F969961B98ECE80069F481 /* SwiftCheck.framework in Frameworks */ = {isa = PBXBuildFile; fileRef = D4F969951B98ECE80069F481 /* SwiftCheck.framework */; };
		D4F969981B98F3220069F481 /* Term+Arbitrary.swift in Sources */ = {isa = PBXBuildFile; fileRef = D4F969971B98F3220069F481 /* Term+Arbitrary.swift */; };
		D4F9F86B1A8496F700B7071E /* Prelude.framework in Frameworks */ = {isa = PBXBuildFile; fileRef = D4F9F86A1A8496F700B7071E /* Prelude.framework */; };
		D4F9F86C1A84970900B7071E /* Prelude.framework in Frameworks */ = {isa = PBXBuildFile; fileRef = D4F9F86A1A8496F700B7071E /* Prelude.framework */; };
		D4FB02D91B71D06A0090E764 /* Module+Boolean.swift in Sources */ = {isa = PBXBuildFile; fileRef = D4FB02D81B71D06A0090E764 /* Module+Boolean.swift */; };
		D4FB02DB1B71D1F10090E764 /* BooleanTests.swift in Sources */ = {isa = PBXBuildFile; fileRef = D4FB02DA1B71D1F10090E764 /* BooleanTests.swift */; };
		D4FC2FDE1BAF564F005F3B26 /* DeclarationTests.swift in Sources */ = {isa = PBXBuildFile; fileRef = D4FC2FDD1BAF564F005F3B26 /* DeclarationTests.swift */; };
/* End PBXBuildFile section */

/* Begin PBXContainerItemProxy section */
		D4B3FBFD1A83515800DA2AC3 /* PBXContainerItemProxy */ = {
			isa = PBXContainerItemProxy;
			containerPortal = D4B3FBE21A83515800DA2AC3 /* Project object */;
			proxyType = 1;
			remoteGlobalIDString = D4B3FBEA1A83515800DA2AC3;
			remoteInfo = Manifold;
		};
/* End PBXContainerItemProxy section */

/* Begin PBXFileReference section */
		D415A09A1B51EFDE001C15E5 /* TermType+Construction.swift */ = {isa = PBXFileReference; fileEncoding = 4; lastKnownFileType = sourcecode.swift; path = "TermType+Construction.swift"; sourceTree = "<group>"; };
		D43AC8821BC1824D008762B7 /* Telescope.swift */ = {isa = PBXFileReference; fileEncoding = 4; lastKnownFileType = sourcecode.swift; path = Telescope.swift; sourceTree = "<group>"; };
		D445417B1BCAB0C100F2946D /* Module+Unit.swift */ = {isa = PBXFileReference; fileEncoding = 4; lastKnownFileType = sourcecode.swift; path = "Module+Unit.swift"; sourceTree = "<group>"; };
		D445417D1BCAB11100F2946D /* UnitTests.swift */ = {isa = PBXFileReference; fileEncoding = 4; lastKnownFileType = sourcecode.swift; path = UnitTests.swift; sourceTree = "<group>"; };
		D445417F1BCAC38500F2946D /* Module+List.swift */ = {isa = PBXFileReference; fileEncoding = 4; lastKnownFileType = sourcecode.swift; path = "Module+List.swift"; sourceTree = "<group>"; };
		D44541811BCAE3CD00F2946D /* ListTests.swift */ = {isa = PBXFileReference; fileEncoding = 4; lastKnownFileType = sourcecode.swift; path = ListTests.swift; sourceTree = "<group>"; };
		D44541831BCAEDCD00F2946D /* TermType+WeakHeadNormalForm.swift */ = {isa = PBXFileReference; fileEncoding = 4; lastKnownFileType = sourcecode.swift; path = "TermType+WeakHeadNormalForm.swift"; sourceTree = "<group>"; };
		D44541851BCAEF1000F2946D /* TermType+Substitution.swift */ = {isa = PBXFileReference; fileEncoding = 4; lastKnownFileType = sourcecode.swift; path = "TermType+Substitution.swift"; sourceTree = "<group>"; };
		D445418B1BCAF3ED00F2946D /* TermType+DefinitionalEquality.swift */ = {isa = PBXFileReference; fileEncoding = 4; lastKnownFileType = sourcecode.swift; path = "TermType+DefinitionalEquality.swift"; sourceTree = "<group>"; };
		D445418D1BCAF57D00F2946D /* TermType+Evaluation.swift */ = {isa = PBXFileReference; fileEncoding = 4; lastKnownFileType = sourcecode.swift; path = "TermType+Evaluation.swift"; sourceTree = "<group>"; };
		D445418F1BCB028A00F2946D /* TermContainerType+CustomDebugStringConvertible.swift */ = {isa = PBXFileReference; fileEncoding = 4; lastKnownFileType = sourcecode.swift; path = "TermContainerType+CustomDebugStringConvertible.swift"; sourceTree = "<group>"; };
		D44541911BCB030F00F2946D /* TermContainerType+CustomStringConvertible.swift */ = {isa = PBXFileReference; fileEncoding = 4; lastKnownFileType = sourcecode.swift; path = "TermContainerType+CustomStringConvertible.swift"; sourceTree = "<group>"; };
		D44541931BCB389400F2946D /* Datatype.swift */ = {isa = PBXFileReference; fileEncoding = 4; lastKnownFileType = sourcecode.swift; path = Datatype.swift; sourceTree = "<group>"; };
		D463F6D11BD2A83E00BA0628 /* Module+Maybe.swift */ = {isa = PBXFileReference; fileEncoding = 4; lastKnownFileType = sourcecode.swift; path = "Module+Maybe.swift"; sourceTree = "<group>"; };
		D463F6D41BD2A91200BA0628 /* MaybeTests.swift */ = {isa = PBXFileReference; fileEncoding = 4; lastKnownFileType = sourcecode.swift; path = MaybeTests.swift; sourceTree = "<group>"; };
		D470CB971BDC27130003A931 /* Module+Vector.swift */ = {isa = PBXFileReference; fileEncoding = 4; lastKnownFileType = sourcecode.swift; path = "Module+Vector.swift"; sourceTree = "<group>"; };
		D470CB991BDC273C0003A931 /* VectorTests.swift */ = {isa = PBXFileReference; fileEncoding = 4; lastKnownFileType = sourcecode.swift; path = VectorTests.swift; sourceTree = "<group>"; };
		D4809FBC1AF6BD400084B8FE /* TermTests.swift */ = {isa = PBXFileReference; fileEncoding = 4; lastKnownFileType = sourcecode.swift; path = TermTests.swift; sourceTree = "<group>"; };
		D484903B1B2A40E800F249F7 /* EvaluationTests.swift */ = {isa = PBXFileReference; fileEncoding = 4; lastKnownFileType = sourcecode.swift; path = EvaluationTests.swift; sourceTree = "<group>"; };
		D4A31B291AA366EC00B3FC68 /* TermType.swift */ = {isa = PBXFileReference; fileEncoding = 4; lastKnownFileType = sourcecode.swift; path = TermType.swift; sourceTree = "<group>"; };
		D4ACE90C1BDC7E51009E928F /* Module+FiniteSet.swift */ = {isa = PBXFileReference; fileEncoding = 4; lastKnownFileType = sourcecode.swift; path = "Module+FiniteSet.swift"; sourceTree = "<group>"; };
		D4ACE90E1BDC7E79009E928F /* FiniteSetTests.swift */ = {isa = PBXFileReference; fileEncoding = 4; lastKnownFileType = sourcecode.swift; path = FiniteSetTests.swift; sourceTree = "<group>"; };
		D4B3FBEB1A83515800DA2AC3 /* Manifold.framework */ = {isa = PBXFileReference; explicitFileType = wrapper.framework; includeInIndex = 0; path = Manifold.framework; sourceTree = BUILT_PRODUCTS_DIR; };
		D4B3FBEF1A83515800DA2AC3 /* Info.plist */ = {isa = PBXFileReference; lastKnownFileType = text.plist.xml; path = Info.plist; sourceTree = "<group>"; };
		D4B3FBF01A83515800DA2AC3 /* Manifold.h */ = {isa = PBXFileReference; lastKnownFileType = sourcecode.c.h; path = Manifold.h; sourceTree = "<group>"; };
		D4B3FBFB1A83515800DA2AC3 /* ManifoldTests.xctest */ = {isa = PBXFileReference; explicitFileType = wrapper.cfbundle; includeInIndex = 0; path = ManifoldTests.xctest; sourceTree = BUILT_PRODUCTS_DIR; };
		D4B3FC011A83515800DA2AC3 /* Info.plist */ = {isa = PBXFileReference; lastKnownFileType = text.plist.xml; path = Info.plist; sourceTree = "<group>"; };
		D4B4AA541A902A6F0089A5F2 /* Assertions.framework */ = {isa = PBXFileReference; lastKnownFileType = wrapper.framework; path = Assertions.framework; sourceTree = BUILT_PRODUCTS_DIR; };
		D4B4AA561A90320F0089A5F2 /* Dictionary.swift */ = {isa = PBXFileReference; fileEncoding = 4; lastKnownFileType = sourcecode.swift; path = Dictionary.swift; sourceTree = "<group>"; };
		D4B56CB01AFDA26A00D7BD6F /* Expression.swift */ = {isa = PBXFileReference; fileEncoding = 4; lastKnownFileType = sourcecode.swift; path = Expression.swift; sourceTree = "<group>"; };
		D4D0FBFF1BD420B20010F243 /* TermType+Elaboration.swift */ = {isa = PBXFileReference; fileEncoding = 4; lastKnownFileType = sourcecode.swift; path = "TermType+Elaboration.swift"; sourceTree = "<group>"; };
		D4D0FC011BD4276B0010F243 /* Module+Pair.swift */ = {isa = PBXFileReference; fileEncoding = 4; lastKnownFileType = sourcecode.swift; path = "Module+Pair.swift"; sourceTree = "<group>"; };
		D4D0FC031BD427AA0010F243 /* PairTests.swift */ = {isa = PBXFileReference; fileEncoding = 4; lastKnownFileType = sourcecode.swift; path = PairTests.swift; sourceTree = "<group>"; };
		D4D0FC051BD45CB10010F243 /* Module+Prelude.swift */ = {isa = PBXFileReference; fileEncoding = 4; lastKnownFileType = sourcecode.swift; path = "Module+Prelude.swift"; sourceTree = "<group>"; };
		D4D0FC071BD45CD60010F243 /* PreludeTests.swift */ = {isa = PBXFileReference; fileEncoding = 4; lastKnownFileType = sourcecode.swift; path = PreludeTests.swift; sourceTree = "<group>"; };
		D4D0FC0D1BD4A6D80010F243 /* Module+Sigma.swift */ = {isa = PBXFileReference; fileEncoding = 4; lastKnownFileType = sourcecode.swift; path = "Module+Sigma.swift"; sourceTree = "<group>"; };
		D4D0FC0F1BD4A7000010F243 /* SigmaTests.swift */ = {isa = PBXFileReference; fileEncoding = 4; lastKnownFileType = sourcecode.swift; path = SigmaTests.swift; sourceTree = "<group>"; };
		D4DE7E721AF66E25004D0CB9 /* Term.swift */ = {isa = PBXFileReference; fileEncoding = 4; lastKnownFileType = sourcecode.swift; path = Term.swift; sourceTree = "<group>"; };
		D4E101B71B484606001A7E55 /* NaturalTests.swift */ = {isa = PBXFileReference; fileEncoding = 4; lastKnownFileType = sourcecode.swift; path = NaturalTests.swift; sourceTree = "<group>"; };
		D4E101B91B484611001A7E55 /* Module+Natural.swift */ = {isa = PBXFileReference; fileEncoding = 4; lastKnownFileType = sourcecode.swift; path = "Module+Natural.swift"; sourceTree = "<group>"; };
		D4E1F7121BD4176100FCA0B4 /* TermContainerType+FreeVariables.swift */ = {isa = PBXFileReference; fileEncoding = 4; lastKnownFileType = sourcecode.swift; path = "TermContainerType+FreeVariables.swift"; sourceTree = "<group>"; };
		D4E289A31B641FDA0070389F /* String.swift */ = {isa = PBXFileReference; fileEncoding = 4; lastKnownFileType = sourcecode.swift; path = String.swift; sourceTree = "<group>"; };
		D4E8289C1B5202BB00713E60 /* StringLiteralConvertible.swift */ = {isa = PBXFileReference; fileEncoding = 4; lastKnownFileType = sourcecode.swift; path = StringLiteralConvertible.swift; sourceTree = "<group>"; };
		D4E829161B521B3400713E60 /* Module.swift */ = {isa = PBXFileReference; fileEncoding = 4; lastKnownFileType = sourcecode.swift; path = Module.swift; sourceTree = "<group>"; };
		D4E829181B521BFC00713E60 /* Declaration.swift */ = {isa = PBXFileReference; fileEncoding = 4; lastKnownFileType = sourcecode.swift; path = Declaration.swift; sourceTree = "<group>"; };
		D4E9901B1BD3431D00F00CA7 /* Module+Either.swift */ = {isa = PBXFileReference; fileEncoding = 4; lastKnownFileType = sourcecode.swift; path = "Module+Either.swift"; sourceTree = "<group>"; };
		D4E9901D1BD343AE00F00CA7 /* EitherTests.swift */ = {isa = PBXFileReference; fileEncoding = 4; lastKnownFileType = sourcecode.swift; path = EitherTests.swift; sourceTree = "<group>"; };
		D4E990231BD3EE5300F00CA7 /* Elaborated.swift */ = {isa = PBXFileReference; fileEncoding = 4; lastKnownFileType = sourcecode.swift; path = Elaborated.swift; sourceTree = "<group>"; };
		D4EDEF561AFEDEC5001B9A1D /* Name.swift */ = {isa = PBXFileReference; fileEncoding = 4; lastKnownFileType = sourcecode.swift; path = Name.swift; sourceTree = "<group>"; };
		D4F1B84E1B46E2F40065BF22 /* Int.swift */ = {isa = PBXFileReference; fileEncoding = 4; lastKnownFileType = sourcecode.swift; path = Int.swift; sourceTree = "<group>"; };
		D4F1B8541B470B430065BF22 /* IntExtensionTests.swift */ = {isa = PBXFileReference; fileEncoding = 4; lastKnownFileType = sourcecode.swift; path = IntExtensionTests.swift; sourceTree = "<group>"; };
		D4F969951B98ECE80069F481 /* SwiftCheck.framework */ = {isa = PBXFileReference; lastKnownFileType = wrapper.framework; path = SwiftCheck.framework; sourceTree = BUILT_PRODUCTS_DIR; };
		D4F969971B98F3220069F481 /* Term+Arbitrary.swift */ = {isa = PBXFileReference; fileEncoding = 4; lastKnownFileType = sourcecode.swift; path = "Term+Arbitrary.swift"; sourceTree = "<group>"; };
		D4F9F86A1A8496F700B7071E /* Prelude.framework */ = {isa = PBXFileReference; lastKnownFileType = wrapper.framework; path = Prelude.framework; sourceTree = BUILT_PRODUCTS_DIR; };
		D4FB02D81B71D06A0090E764 /* Module+Boolean.swift */ = {isa = PBXFileReference; fileEncoding = 4; lastKnownFileType = sourcecode.swift; path = "Module+Boolean.swift"; sourceTree = "<group>"; };
		D4FB02DA1B71D1F10090E764 /* BooleanTests.swift */ = {isa = PBXFileReference; fileEncoding = 4; lastKnownFileType = sourcecode.swift; path = BooleanTests.swift; sourceTree = "<group>"; };
		D4FC2FDD1BAF564F005F3B26 /* DeclarationTests.swift */ = {isa = PBXFileReference; fileEncoding = 4; lastKnownFileType = sourcecode.swift; path = DeclarationTests.swift; sourceTree = "<group>"; };
/* End PBXFileReference section */

/* Begin PBXFrameworksBuildPhase section */
		D4B3FBE71A83515800DA2AC3 /* Frameworks */ = {
			isa = PBXFrameworksBuildPhase;
			buildActionMask = 2147483647;
			files = (
				D4F9F86B1A8496F700B7071E /* Prelude.framework in Frameworks */,
			);
			runOnlyForDeploymentPostprocessing = 0;
		};
		D4B3FBF81A83515800DA2AC3 /* Frameworks */ = {
			isa = PBXFrameworksBuildPhase;
			buildActionMask = 2147483647;
			files = (
				D4F969961B98ECE80069F481 /* SwiftCheck.framework in Frameworks */,
				D4B4AA551A902A6F0089A5F2 /* Assertions.framework in Frameworks */,
				D4F9F86C1A84970900B7071E /* Prelude.framework in Frameworks */,
				D4B3FBFC1A83515800DA2AC3 /* Manifold.framework in Frameworks */,
			);
			runOnlyForDeploymentPostprocessing = 0;
		};
/* End PBXFrameworksBuildPhase section */

/* Begin PBXGroup section */
		D463F6D31BD2A8FF00BA0628 /* Modules */ = {
			isa = PBXGroup;
			children = (
				D4E101B71B484606001A7E55 /* NaturalTests.swift */,
				D4FB02DA1B71D1F10090E764 /* BooleanTests.swift */,
				D4D0FC031BD427AA0010F243 /* PairTests.swift */,
				D4D0FC0F1BD4A7000010F243 /* SigmaTests.swift */,
				D445417D1BCAB11100F2946D /* UnitTests.swift */,
				D44541811BCAE3CD00F2946D /* ListTests.swift */,
				D463F6D41BD2A91200BA0628 /* MaybeTests.swift */,
				D4E9901D1BD343AE00F00CA7 /* EitherTests.swift */,
				D4D0FC071BD45CD60010F243 /* PreludeTests.swift */,
				D470CB991BDC273C0003A931 /* VectorTests.swift */,
				D4ACE90E1BDC7E79009E928F /* FiniteSetTests.swift */,
			);
			name = Modules;
			sourceTree = "<group>";
		};
		D4B3FBE11A83515800DA2AC3 = {
			isa = PBXGroup;
			children = (
				D4B3FBED1A83515800DA2AC3 /* Manifold */,
				D4B3FBFF1A83515800DA2AC3 /* ManifoldTests */,
				D4B3FBEC1A83515800DA2AC3 /* Products */,
			);
			sourceTree = "<group>";
			usesTabs = 1;
		};
		D4B3FBEC1A83515800DA2AC3 /* Products */ = {
			isa = PBXGroup;
			children = (
				D4B3FBEB1A83515800DA2AC3 /* Manifold.framework */,
				D4B3FBFB1A83515800DA2AC3 /* ManifoldTests.xctest */,
			);
			name = Products;
			sourceTree = "<group>";
		};
		D4B3FBED1A83515800DA2AC3 /* Manifold */ = {
			isa = PBXGroup;
			children = (
				D4B3FBF01A83515800DA2AC3 /* Manifold.h */,
				D4DE7E721AF66E25004D0CB9 /* Term.swift */,
				D4E990231BD3EE5300F00CA7 /* Elaborated.swift */,
				D4B56CB01AFDA26A00D7BD6F /* Expression.swift */,
				D4FB02D71B71D0500090E764 /* Modules */,
				D4A31B291AA366EC00B3FC68 /* TermType.swift */,
				D44541831BCAEDCD00F2946D /* TermType+WeakHeadNormalForm.swift */,
				D445418D1BCAF57D00F2946D /* TermType+Evaluation.swift */,
				D4D0FBFF1BD420B20010F243 /* TermType+Elaboration.swift */,
				D44541851BCAEF1000F2946D /* TermType+Substitution.swift */,
				D445418B1BCAF3ED00F2946D /* TermType+DefinitionalEquality.swift */,
				D415A09A1B51EFDE001C15E5 /* TermType+Construction.swift */,
				D445418F1BCB028A00F2946D /* TermContainerType+CustomDebugStringConvertible.swift */,
				D44541911BCB030F00F2946D /* TermContainerType+CustomStringConvertible.swift */,
				D4E1F7121BD4176100FCA0B4 /* TermContainerType+FreeVariables.swift */,
				D4EDEF561AFEDEC5001B9A1D /* Name.swift */,
				D4E829161B521B3400713E60 /* Module.swift */,
				D4E829181B521BFC00713E60 /* Declaration.swift */,
				D43AC8821BC1824D008762B7 /* Telescope.swift */,
				D44541931BCB389400F2946D /* Datatype.swift */,
				D4B3FBEE1A83515800DA2AC3 /* Supporting Files */,
			);
			path = Manifold;
			sourceTree = "<group>";
		};
		D4B3FBEE1A83515800DA2AC3 /* Supporting Files */ = {
			isa = PBXGroup;
			children = (
				D4F9F86A1A8496F700B7071E /* Prelude.framework */,
				D4B3FBEF1A83515800DA2AC3 /* Info.plist */,
				D4B4AA561A90320F0089A5F2 /* Dictionary.swift */,
				D4F1B84E1B46E2F40065BF22 /* Int.swift */,
				D4E8289C1B5202BB00713E60 /* StringLiteralConvertible.swift */,
				D4E289A31B641FDA0070389F /* String.swift */,
			);
			name = "Supporting Files";
			sourceTree = "<group>";
		};
		D4B3FBFF1A83515800DA2AC3 /* ManifoldTests */ = {
			isa = PBXGroup;
			children = (
				D484903B1B2A40E800F249F7 /* EvaluationTests.swift */,
				D4809FBC1AF6BD400084B8FE /* TermTests.swift */,
				D4F1B8541B470B430065BF22 /* IntExtensionTests.swift */,
				D463F6D31BD2A8FF00BA0628 /* Modules */,
				D4F969971B98F3220069F481 /* Term+Arbitrary.swift */,
				D4FC2FDD1BAF564F005F3B26 /* DeclarationTests.swift */,
				D4B3FC001A83515800DA2AC3 /* Supporting Files */,
			);
			path = ManifoldTests;
			sourceTree = "<group>";
		};
		D4B3FC001A83515800DA2AC3 /* Supporting Files */ = {
			isa = PBXGroup;
			children = (
				D4B4AA541A902A6F0089A5F2 /* Assertions.framework */,
				D4F969951B98ECE80069F481 /* SwiftCheck.framework */,
				D4B3FC011A83515800DA2AC3 /* Info.plist */,
			);
			name = "Supporting Files";
			sourceTree = "<group>";
		};
		D4FB02D71B71D0500090E764 /* Modules */ = {
			isa = PBXGroup;
			children = (
				D445417B1BCAB0C100F2946D /* Module+Unit.swift */,
				D4FB02D81B71D06A0090E764 /* Module+Boolean.swift */,
				D445417F1BCAC38500F2946D /* Module+List.swift */,
				D4E101B91B484611001A7E55 /* Module+Natural.swift */,
				D463F6D11BD2A83E00BA0628 /* Module+Maybe.swift */,
				D4E9901B1BD3431D00F00CA7 /* Module+Either.swift */,
				D4D0FC011BD4276B0010F243 /* Module+Pair.swift */,
				D4D0FC051BD45CB10010F243 /* Module+Prelude.swift */,
				D4D0FC0D1BD4A6D80010F243 /* Module+Sigma.swift */,
				D470CB971BDC27130003A931 /* Module+Vector.swift */,
				D4ACE90C1BDC7E51009E928F /* Module+FiniteSet.swift */,
			);
			name = Modules;
			sourceTree = "<group>";
		};
/* End PBXGroup section */

/* Begin PBXHeadersBuildPhase section */
		D4B3FBE81A83515800DA2AC3 /* Headers */ = {
			isa = PBXHeadersBuildPhase;
			buildActionMask = 2147483647;
			files = (
				D4B3FBF11A83515800DA2AC3 /* Manifold.h in Headers */,
			);
			runOnlyForDeploymentPostprocessing = 0;
		};
/* End PBXHeadersBuildPhase section */

/* Begin PBXNativeTarget section */
		D4B3FBEA1A83515800DA2AC3 /* Manifold */ = {
			isa = PBXNativeTarget;
			buildConfigurationList = D4B3FC061A83515800DA2AC3 /* Build configuration list for PBXNativeTarget "Manifold" */;
			buildPhases = (
				D4B3FBE61A83515800DA2AC3 /* Sources */,
				D4B3FBE71A83515800DA2AC3 /* Frameworks */,
				D4B3FBE81A83515800DA2AC3 /* Headers */,
				D4B3FBE91A83515800DA2AC3 /* Resources */,
			);
			buildRules = (
			);
			dependencies = (
			);
			name = Manifold;
			productName = Manifold;
			productReference = D4B3FBEB1A83515800DA2AC3 /* Manifold.framework */;
			productType = "com.apple.product-type.framework";
		};
		D4B3FBFA1A83515800DA2AC3 /* ManifoldTests */ = {
			isa = PBXNativeTarget;
			buildConfigurationList = D4B3FC091A83515800DA2AC3 /* Build configuration list for PBXNativeTarget "ManifoldTests" */;
			buildPhases = (
				D4B3FBF71A83515800DA2AC3 /* Sources */,
				D4B3FBF81A83515800DA2AC3 /* Frameworks */,
				D4B3FBF91A83515800DA2AC3 /* Resources */,
			);
			buildRules = (
			);
			dependencies = (
				D4B3FBFE1A83515800DA2AC3 /* PBXTargetDependency */,
			);
			name = ManifoldTests;
			productName = ManifoldTests;
			productReference = D4B3FBFB1A83515800DA2AC3 /* ManifoldTests.xctest */;
			productType = "com.apple.product-type.bundle.unit-test";
		};
/* End PBXNativeTarget section */

/* Begin PBXProject section */
		D4B3FBE21A83515800DA2AC3 /* Project object */ = {
			isa = PBXProject;
			attributes = {
				LastSwiftUpdateCheck = 0700;
				LastUpgradeCheck = 0700;
				ORGANIZATIONNAME = "Rob Rix";
				TargetAttributes = {
					D4B3FBEA1A83515800DA2AC3 = {
						CreatedOnToolsVersion = 6.1.1;
					};
					D4B3FBFA1A83515800DA2AC3 = {
						CreatedOnToolsVersion = 6.1.1;
					};
				};
			};
			buildConfigurationList = D4B3FBE51A83515800DA2AC3 /* Build configuration list for PBXProject "Manifold" */;
			compatibilityVersion = "Xcode 3.2";
			developmentRegion = English;
			hasScannedForEncodings = 0;
			knownRegions = (
				en,
			);
			mainGroup = D4B3FBE11A83515800DA2AC3;
			productRefGroup = D4B3FBEC1A83515800DA2AC3 /* Products */;
			projectDirPath = "";
			projectRoot = "";
			targets = (
				D4B3FBEA1A83515800DA2AC3 /* Manifold */,
				D4B3FBFA1A83515800DA2AC3 /* ManifoldTests */,
			);
		};
/* End PBXProject section */

/* Begin PBXResourcesBuildPhase section */
		D4B3FBE91A83515800DA2AC3 /* Resources */ = {
			isa = PBXResourcesBuildPhase;
			buildActionMask = 2147483647;
			files = (
			);
			runOnlyForDeploymentPostprocessing = 0;
		};
		D4B3FBF91A83515800DA2AC3 /* Resources */ = {
			isa = PBXResourcesBuildPhase;
			buildActionMask = 2147483647;
			files = (
			);
			runOnlyForDeploymentPostprocessing = 0;
		};
/* End PBXResourcesBuildPhase section */

/* Begin PBXSourcesBuildPhase section */
		D4B3FBE61A83515800DA2AC3 /* Sources */ = {
			isa = PBXSourcesBuildPhase;
			buildActionMask = 2147483647;
			files = (
				D445417C1BCAB0C100F2946D /* Module+Unit.swift in Sources */,
				D4E9901C1BD3431D00F00CA7 /* Module+Either.swift in Sources */,
				D415A09B1B51EFDE001C15E5 /* TermType+Construction.swift in Sources */,
				D44541901BCB028A00F2946D /* TermContainerType+CustomDebugStringConvertible.swift in Sources */,
				D44541841BCAEDCD00F2946D /* TermType+WeakHeadNormalForm.swift in Sources */,
				D470CB981BDC27130003A931 /* Module+Vector.swift in Sources */,
				D44541861BCAEF1000F2946D /* TermType+Substitution.swift in Sources */,
				D4E289A41B641FDA0070389F /* String.swift in Sources */,
				D43AC8831BC1824D008762B7 /* Telescope.swift in Sources */,
				D4E101BA1B484611001A7E55 /* Module+Natural.swift in Sources */,
				D4B56CB11AFDA26A00D7BD6F /* Expression.swift in Sources */,
				D4B4AA571A90320F0089A5F2 /* Dictionary.swift in Sources */,
				D4E8289D1B5202BB00713E60 /* StringLiteralConvertible.swift in Sources */,
				D4EDEF571AFEDEC5001B9A1D /* Name.swift in Sources */,
				D4A31B2A1AA366EC00B3FC68 /* TermType.swift in Sources */,
				D44541801BCAC38500F2946D /* Module+List.swift in Sources */,
				D463F6D21BD2A83E00BA0628 /* Module+Maybe.swift in Sources */,
				D4E990241BD3EE5300F00CA7 /* Elaborated.swift in Sources */,
				D445418E1BCAF57D00F2946D /* TermType+Evaluation.swift in Sources */,
				D4D0FC001BD420B20010F243 /* TermType+Elaboration.swift in Sources */,
				D4ACE90D1BDC7E51009E928F /* Module+FiniteSet.swift in Sources */,
				D4D0FC061BD45CB10010F243 /* Module+Prelude.swift in Sources */,
				D4E829191B521BFC00713E60 /* Declaration.swift in Sources */,
				D4D0FC021BD4276B0010F243 /* Module+Pair.swift in Sources */,
				D445418C1BCAF3ED00F2946D /* TermType+DefinitionalEquality.swift in Sources */,
				D4DE7E731AF66E25004D0CB9 /* Term.swift in Sources */,
				D44541941BCB389400F2946D /* Datatype.swift in Sources */,
				D4FB02D91B71D06A0090E764 /* Module+Boolean.swift in Sources */,
				D44541921BCB030F00F2946D /* TermContainerType+CustomStringConvertible.swift in Sources */,
				D4E829171B521B3400713E60 /* Module.swift in Sources */,
				D4D0FC0E1BD4A6D80010F243 /* Module+Sigma.swift in Sources */,
				D4F1B84F1B46E2F40065BF22 /* Int.swift in Sources */,
				D4E1F7131BD4176100FCA0B4 /* TermContainerType+FreeVariables.swift in Sources */,
			);
			runOnlyForDeploymentPostprocessing = 0;
		};
		D4B3FBF71A83515800DA2AC3 /* Sources */ = {
			isa = PBXSourcesBuildPhase;
			buildActionMask = 2147483647;
			files = (
				D4FB02DB1B71D1F10090E764 /* BooleanTests.swift in Sources */,
				D445417E1BCAB11100F2946D /* UnitTests.swift in Sources */,
				D4E101B81B484606001A7E55 /* NaturalTests.swift in Sources */,
				D4F969981B98F3220069F481 /* Term+Arbitrary.swift in Sources */,
				D4ACE90F1BDC7E79009E928F /* FiniteSetTests.swift in Sources */,
				D4E9901E1BD343AE00F00CA7 /* EitherTests.swift in Sources */,
				D4809FBD1AF6BD400084B8FE /* TermTests.swift in Sources */,
				D4D0FC041BD427AA0010F243 /* PairTests.swift in Sources */,
				D470CB9A1BDC273C0003A931 /* VectorTests.swift in Sources */,
				D44541821BCAE3CD00F2946D /* ListTests.swift in Sources */,
				D4D0FC101BD4A7000010F243 /* SigmaTests.swift in Sources */,
				D4FC2FDE1BAF564F005F3B26 /* DeclarationTests.swift in Sources */,
				D463F6D51BD2A91200BA0628 /* MaybeTests.swift in Sources */,
				D484903C1B2A40E800F249F7 /* EvaluationTests.swift in Sources */,
				D4D0FC081BD45CD60010F243 /* PreludeTests.swift in Sources */,
				D4F1B8551B470B430065BF22 /* IntExtensionTests.swift in Sources */,
			);
			runOnlyForDeploymentPostprocessing = 0;
		};
/* End PBXSourcesBuildPhase section */

/* Begin PBXTargetDependency section */
		D4B3FBFE1A83515800DA2AC3 /* PBXTargetDependency */ = {
			isa = PBXTargetDependency;
			target = D4B3FBEA1A83515800DA2AC3 /* Manifold */;
			targetProxy = D4B3FBFD1A83515800DA2AC3 /* PBXContainerItemProxy */;
		};
/* End PBXTargetDependency section */

/* Begin XCBuildConfiguration section */
		D4B3FC041A83515800DA2AC3 /* Debug */ = {
			isa = XCBuildConfiguration;
			buildSettings = {
				ALWAYS_SEARCH_USER_PATHS = NO;
				CLANG_CXX_LANGUAGE_STANDARD = "gnu++0x";
				CLANG_CXX_LIBRARY = "libc++";
				CLANG_ENABLE_MODULES = YES;
				CLANG_ENABLE_OBJC_ARC = YES;
				CLANG_WARN_BOOL_CONVERSION = YES;
				CLANG_WARN_CONSTANT_CONVERSION = YES;
				CLANG_WARN_DIRECT_OBJC_ISA_USAGE = YES_ERROR;
				CLANG_WARN_EMPTY_BODY = YES;
				CLANG_WARN_ENUM_CONVERSION = YES;
				CLANG_WARN_INT_CONVERSION = YES;
				CLANG_WARN_OBJC_ROOT_CLASS = YES_ERROR;
				CLANG_WARN_UNREACHABLE_CODE = YES;
				CLANG_WARN__DUPLICATE_METHOD_MATCH = YES;
				COPY_PHASE_STRIP = NO;
				CURRENT_PROJECT_VERSION = 1;
				ENABLE_STRICT_OBJC_MSGSEND = YES;
				ENABLE_TESTABILITY = YES;
				GCC_C_LANGUAGE_STANDARD = gnu99;
				GCC_DYNAMIC_NO_PIC = NO;
				GCC_OPTIMIZATION_LEVEL = 0;
				GCC_PREPROCESSOR_DEFINITIONS = (
					"DEBUG=1",
					"$(inherited)",
				);
				GCC_SYMBOLS_PRIVATE_EXTERN = NO;
				GCC_WARN_64_TO_32_BIT_CONVERSION = YES;
				GCC_WARN_ABOUT_RETURN_TYPE = YES_ERROR;
				GCC_WARN_UNDECLARED_SELECTOR = YES;
				GCC_WARN_UNINITIALIZED_AUTOS = YES_AGGRESSIVE;
				GCC_WARN_UNUSED_FUNCTION = YES;
				GCC_WARN_UNUSED_VARIABLE = YES;
				MACOSX_DEPLOYMENT_TARGET = 10.9;
				MTL_ENABLE_DEBUG_INFO = YES;
				ONLY_ACTIVE_ARCH = YES;
				PRODUCT_BUNDLE_IDENTIFIER = "com.github.$(PRODUCT_NAME:rfc1034identifier)";
				SDKROOT = macosx;
				SWIFT_OPTIMIZATION_LEVEL = "-Onone";
				VERSIONING_SYSTEM = "apple-generic";
				VERSION_INFO_PREFIX = "";
			};
			name = Debug;
		};
		D4B3FC051A83515800DA2AC3 /* Release */ = {
			isa = XCBuildConfiguration;
			buildSettings = {
				ALWAYS_SEARCH_USER_PATHS = NO;
				CLANG_CXX_LANGUAGE_STANDARD = "gnu++0x";
				CLANG_CXX_LIBRARY = "libc++";
				CLANG_ENABLE_MODULES = YES;
				CLANG_ENABLE_OBJC_ARC = YES;
				CLANG_WARN_BOOL_CONVERSION = YES;
				CLANG_WARN_CONSTANT_CONVERSION = YES;
				CLANG_WARN_DIRECT_OBJC_ISA_USAGE = YES_ERROR;
				CLANG_WARN_EMPTY_BODY = YES;
				CLANG_WARN_ENUM_CONVERSION = YES;
				CLANG_WARN_INT_CONVERSION = YES;
				CLANG_WARN_OBJC_ROOT_CLASS = YES_ERROR;
				CLANG_WARN_UNREACHABLE_CODE = YES;
				CLANG_WARN__DUPLICATE_METHOD_MATCH = YES;
				COPY_PHASE_STRIP = YES;
				CURRENT_PROJECT_VERSION = 1;
				DEBUG_INFORMATION_FORMAT = "dwarf-with-dsym";
				ENABLE_NS_ASSERTIONS = NO;
				ENABLE_STRICT_OBJC_MSGSEND = YES;
				ENABLE_TESTABILITY = YES;
				GCC_C_LANGUAGE_STANDARD = gnu99;
				GCC_WARN_64_TO_32_BIT_CONVERSION = YES;
				GCC_WARN_ABOUT_RETURN_TYPE = YES_ERROR;
				GCC_WARN_UNDECLARED_SELECTOR = YES;
				GCC_WARN_UNINITIALIZED_AUTOS = YES_AGGRESSIVE;
				GCC_WARN_UNUSED_FUNCTION = YES;
				GCC_WARN_UNUSED_VARIABLE = YES;
				MACOSX_DEPLOYMENT_TARGET = 10.9;
				MTL_ENABLE_DEBUG_INFO = NO;
				PRODUCT_BUNDLE_IDENTIFIER = "com.github.$(PRODUCT_NAME:rfc1034identifier)";
				SDKROOT = macosx;
				VERSIONING_SYSTEM = "apple-generic";
				VERSION_INFO_PREFIX = "";
			};
			name = Release;
		};
		D4B3FC071A83515800DA2AC3 /* Debug */ = {
			isa = XCBuildConfiguration;
			buildSettings = {
				CLANG_ENABLE_MODULES = YES;
				COMBINE_HIDPI_IMAGES = YES;
				DEFINES_MODULE = YES;
				DYLIB_COMPATIBILITY_VERSION = 1;
				DYLIB_CURRENT_VERSION = 1;
				DYLIB_INSTALL_NAME_BASE = "@rpath";
				FRAMEWORK_VERSION = A;
				INFOPLIST_FILE = Manifold/Info.plist;
				INSTALL_PATH = "@rpath";
				LD_RUNPATH_SEARCH_PATHS = "$(inherited) @executable_path/../Frameworks @loader_path/Frameworks";
				PRODUCT_NAME = "$(TARGET_NAME)";
				SKIP_INSTALL = YES;
				SWIFT_OPTIMIZATION_LEVEL = "-Onone";
			};
			name = Debug;
		};
		D4B3FC081A83515800DA2AC3 /* Release */ = {
			isa = XCBuildConfiguration;
			buildSettings = {
				CLANG_ENABLE_MODULES = YES;
				COMBINE_HIDPI_IMAGES = YES;
				DEFINES_MODULE = YES;
				DYLIB_COMPATIBILITY_VERSION = 1;
				DYLIB_CURRENT_VERSION = 1;
				DYLIB_INSTALL_NAME_BASE = "@rpath";
				FRAMEWORK_VERSION = A;
				INFOPLIST_FILE = Manifold/Info.plist;
				INSTALL_PATH = "@rpath";
				LD_RUNPATH_SEARCH_PATHS = "$(inherited) @executable_path/../Frameworks @loader_path/Frameworks";
				PRODUCT_NAME = "$(TARGET_NAME)";
				SKIP_INSTALL = YES;
			};
			name = Release;
		};
		D4B3FC0A1A83515800DA2AC3 /* Debug */ = {
			isa = XCBuildConfiguration;
			buildSettings = {
				COMBINE_HIDPI_IMAGES = YES;
				FRAMEWORK_SEARCH_PATHS = (
					"$(DEVELOPER_FRAMEWORKS_DIR)",
					"$(inherited)",
				);
				GCC_PREPROCESSOR_DEFINITIONS = (
					"DEBUG=1",
					"$(inherited)",
				);
				INFOPLIST_FILE = ManifoldTests/Info.plist;
				LD_RUNPATH_SEARCH_PATHS = "$(inherited) @executable_path/../Frameworks @loader_path/../Frameworks";
				PRODUCT_NAME = "$(TARGET_NAME)";
			};
			name = Debug;
		};
		D4B3FC0B1A83515800DA2AC3 /* Release */ = {
			isa = XCBuildConfiguration;
			buildSettings = {
				COMBINE_HIDPI_IMAGES = YES;
				FRAMEWORK_SEARCH_PATHS = (
					"$(DEVELOPER_FRAMEWORKS_DIR)",
					"$(inherited)",
				);
				INFOPLIST_FILE = ManifoldTests/Info.plist;
				LD_RUNPATH_SEARCH_PATHS = "$(inherited) @executable_path/../Frameworks @loader_path/../Frameworks";
				PRODUCT_NAME = "$(TARGET_NAME)";
			};
			name = Release;
		};
/* End XCBuildConfiguration section */

/* Begin XCConfigurationList section */
		D4B3FBE51A83515800DA2AC3 /* Build configuration list for PBXProject "Manifold" */ = {
			isa = XCConfigurationList;
			buildConfigurations = (
				D4B3FC041A83515800DA2AC3 /* Debug */,
				D4B3FC051A83515800DA2AC3 /* Release */,
			);
			defaultConfigurationIsVisible = 0;
			defaultConfigurationName = Release;
		};
		D4B3FC061A83515800DA2AC3 /* Build configuration list for PBXNativeTarget "Manifold" */ = {
			isa = XCConfigurationList;
			buildConfigurations = (
				D4B3FC071A83515800DA2AC3 /* Debug */,
				D4B3FC081A83515800DA2AC3 /* Release */,
			);
			defaultConfigurationIsVisible = 0;
			defaultConfigurationName = Release;
		};
		D4B3FC091A83515800DA2AC3 /* Build configuration list for PBXNativeTarget "ManifoldTests" */ = {
			isa = XCConfigurationList;
			buildConfigurations = (
				D4B3FC0A1A83515800DA2AC3 /* Debug */,
				D4B3FC0B1A83515800DA2AC3 /* Release */,
			);
			defaultConfigurationIsVisible = 0;
			defaultConfigurationName = Release;
		};
/* End XCConfigurationList section */
	};
	rootObject = D4B3FBE21A83515800DA2AC3 /* Project object */;
}
